
Microsoft Visual Studio Solution File, Format Version 12.00
# Visual Studio Version 17
VisualStudioVersion = 17.3.32901.215
MinimumVisualStudioVersion = 10.0.40219.1
Project("{FAE04EC0-301F-11D3-BF4B-00C04F79EFBC}") = "assignment9_MaksimTomilin", "assignment9_MaksimTomilin\assignment9_MaksimTomilin.csproj", "{5C11402E-6D35-4044-B51E-63F078BEF5C9}"
EndProject
Global
	GlobalSection(SolutionConfigurationPlatforms) = preSolution
		Debug|Any CPU = Debug|Any CPU
		Release|Any CPU = Release|Any CPU
	EndGlobalSection
	GlobalSection(ProjectConfigurationPlatforms) = postSolution
		{5C11402E-6D35-4044-B51E-63F078BEF5C9}.Debug|Any CPU.ActiveCfg = Debug|Any CPU
		{5C11402E-6D35-4044-B51E-63F078BEF5C9}.Debug|Any CPU.Build.0 = Debug|Any CPU
		{5C11402E-6D35-4044-B51E-63F078BEF5C9}.Release|Any CPU.ActiveCfg = Release|Any CPU
		{5C11402E-6D35-4044-B51E-63F078BEF5C9}.Release|Any CPU.Build.0 = Release|Any CPU
	EndGlobalSection
	GlobalSection(SolutionProperties) = preSolution
		HideSolutionNode = FALSE
	EndGlobalSection
	GlobalSection(ExtensibilityGlobals) = postSolution
		SolutionGuid = {FEEEB893-D4F8-46C2-A0B0-4BB06570CD93}
	EndGlobalSection
EndGlobal
